// !$*UTF8*$!
{
	archiveVersion = 1;
	classes = {
	};
	objectVersion = 46;
	objects = {

/* Begin PBXBuildFile section */
		2036FF0E1D9460CD00C176FC /* AppDelegate.swift in Sources */ = {isa = PBXBuildFile; fileRef = 2036FF0D1D9460CD00C176FC /* AppDelegate.swift */; };
		2036FF101D9460CD00C176FC /* AuthenticationVC.swift in Sources */ = {isa = PBXBuildFile; fileRef = 2036FF0F1D9460CD00C176FC /* AuthenticationVC.swift */; };
		2036FF131D9460CD00C176FC /* Main.storyboard in Resources */ = {isa = PBXBuildFile; fileRef = 2036FF111D9460CD00C176FC /* Main.storyboard */; };
		2036FF151D9460CD00C176FC /* Assets.xcassets in Resources */ = {isa = PBXBuildFile; fileRef = 2036FF141D9460CD00C176FC /* Assets.xcassets */; };
		2036FF181D9460CD00C176FC /* LaunchScreen.storyboard in Resources */ = {isa = PBXBuildFile; fileRef = 2036FF161D9460CD00C176FC /* LaunchScreen.storyboard */; };
		2036FF231D9464E200C176FC /* RoundedOutlineView.swift in Sources */ = {isa = PBXBuildFile; fileRef = 2036FF221D9464E200C176FC /* RoundedOutlineView.swift */; };
		2036FF261D9469BA00C176FC /* LocalAuthentication.framework in Frameworks */ = {isa = PBXBuildFile; fileRef = 2036FF251D9469BA00C176FC /* LocalAuthentication.framework */; };
/* End PBXBuildFile section */

/* Begin PBXFileReference section */
		2036FF0A1D9460CC00C176FC /* Touchy.app */ = {isa = PBXFileReference; explicitFileType = wrapper.application; includeInIndex = 0; path = Touchy.app; sourceTree = BUILT_PRODUCTS_DIR; };
		2036FF0D1D9460CD00C176FC /* AppDelegate.swift */ = {isa = PBXFileReference; lastKnownFileType = sourcecode.swift; path = AppDelegate.swift; sourceTree = "<group>"; };
		2036FF0F1D9460CD00C176FC /* AuthenticationVC.swift */ = {isa = PBXFileReference; lastKnownFileType = sourcecode.swift; path = AuthenticationVC.swift; sourceTree = "<group>"; };
		2036FF121D9460CD00C176FC /* Base */ = {isa = PBXFileReference; lastKnownFileType = file.storyboard; name = Base; path = Base.lproj/Main.storyboard; sourceTree = "<group>"; };
		2036FF141D9460CD00C176FC /* Assets.xcassets */ = {isa = PBXFileReference; lastKnownFileType = folder.assetcatalog; path = Assets.xcassets; sourceTree = "<group>"; };
		2036FF171D9460CD00C176FC /* Base */ = {isa = PBXFileReference; lastKnownFileType = file.storyboard; name = Base; path = Base.lproj/LaunchScreen.storyboard; sourceTree = "<group>"; };
		2036FF191D9460CE00C176FC /* Info.plist */ = {isa = PBXFileReference; lastKnownFileType = text.plist.xml; path = Info.plist; sourceTree = "<group>"; };
		2036FF221D9464E200C176FC /* RoundedOutlineView.swift */ = {isa = PBXFileReference; fileEncoding = 4; lastKnownFileType = sourcecode.swift; path = RoundedOutlineView.swift; sourceTree = "<group>"; };
		2036FF251D9469BA00C176FC /* LocalAuthentication.framework */ = {isa = PBXFileReference; lastKnownFileType = wrapper.framework; name = LocalAuthentication.framework; path = System/Library/Frameworks/LocalAuthentication.framework; sourceTree = SDKROOT; };
/* End PBXFileReference section */

/* Begin PBXFrameworksBuildPhase section */
		2036FF071D9460CC00C176FC /* Frameworks */ = {
			isa = PBXFrameworksBuildPhase;
			buildActionMask = 2147483647;
			files = (
				2036FF261D9469BA00C176FC /* LocalAuthentication.framework in Frameworks */,
			);
			runOnlyForDeploymentPostprocessing = 0;
		};
/* End PBXFrameworksBuildPhase section */

/* Begin PBXGroup section */
		2036FF011D9460CB00C176FC = {
			isa = PBXGroup;
			children = (
				2036FF0C1D9460CC00C176FC /* Touchy */,
				2036FF0B1D9460CC00C176FC /* Products */,
				2036FF241D9469BA00C176FC /* Frameworks */,
			);
			sourceTree = "<group>";
		};
		2036FF0B1D9460CC00C176FC /* Products */ = {
			isa = PBXGroup;
			children = (
				2036FF0A1D9460CC00C176FC /* Touchy.app */,
			);
			name = Products;
			sourceTree = "<group>";
		};
		2036FF0C1D9460CC00C176FC /* Touchy */ = {
			isa = PBXGroup;
			children = (
				2036FF211D9460EA00C176FC /* Model */,
				2036FF201D9460E500C176FC /* View */,
				2036FF1F1D9460DE00C176FC /* Controller */,
				2036FF0D1D9460CD00C176FC /* AppDelegate.swift */,
				2036FF111D9460CD00C176FC /* Main.storyboard */,
				2036FF141D9460CD00C176FC /* Assets.xcassets */,
				2036FF161D9460CD00C176FC /* LaunchScreen.storyboard */,
				2036FF191D9460CE00C176FC /* Info.plist */,
			);
			path = Touchy;
			sourceTree = "<group>";
		};
		2036FF1F1D9460DE00C176FC /* Controller */ = {
			isa = PBXGroup;
			children = (
				2036FF0F1D9460CD00C176FC /* AuthenticationVC.swift */,
			);
			name = Controller;
			sourceTree = "<group>";
		};
		2036FF201D9460E500C176FC /* View */ = {
			isa = PBXGroup;
			children = (
				2036FF221D9464E200C176FC /* RoundedOutlineView.swift */,
			);
			name = View;
			sourceTree = "<group>";
		};
		2036FF211D9460EA00C176FC /* Model */ = {
			isa = PBXGroup;
			children = (
			);
			name = Model;
			sourceTree = "<group>";
		};
		2036FF241D9469BA00C176FC /* Frameworks */ = {
			isa = PBXGroup;
			children = (
				2036FF251D9469BA00C176FC /* LocalAuthentication.framework */,
			);
			name = Frameworks;
			sourceTree = "<group>";
		};
/* End PBXGroup section */

/* Begin PBXNativeTarget section */
		2036FF091D9460CC00C176FC /* Touchy */ = {
			isa = PBXNativeTarget;
			buildConfigurationList = 2036FF1C1D9460CE00C176FC /* Build configuration list for PBXNativeTarget "Touchy" */;
			buildPhases = (
				2036FF061D9460CC00C176FC /* Sources */,
				2036FF071D9460CC00C176FC /* Frameworks */,
				2036FF081D9460CC00C176FC /* Resources */,
			);
			buildRules = (
			);
			dependencies = (
			);
			name = Touchy;
			productName = Touchy;
			productReference = 2036FF0A1D9460CC00C176FC /* Touchy.app */;
			productType = "com.apple.product-type.application";
		};
/* End PBXNativeTarget section */

/* Begin PBXProject section */
		2036FF021D9460CC00C176FC /* Project object */ = {
			isa = PBXProject;
			attributes = {
				LastSwiftUpdateCheck = 0800;
				LastUpgradeCheck = 0800;
				ORGANIZATIONNAME = "Rickey Hrabowskie";
				TargetAttributes = {
					2036FF091D9460CC00C176FC = {
						CreatedOnToolsVersion = 8.0;
						DevelopmentTeam = XC48HTB69A;
						ProvisioningStyle = Automatic;
					};
				};
			};
			buildConfigurationList = 2036FF051D9460CC00C176FC /* Build configuration list for PBXProject "Touchy" */;
			compatibilityVersion = "Xcode 3.2";
			developmentRegion = English;
			hasScannedForEncodings = 0;
			knownRegions = (
				en,
				Base,
			);
			mainGroup = 2036FF011D9460CB00C176FC;
			productRefGroup = 2036FF0B1D9460CC00C176FC /* Products */;
			projectDirPath = "";
			projectRoot = "";
			targets = (
				2036FF091D9460CC00C176FC /* Touchy */,
			);
		};
/* End PBXProject section */

/* Begin PBXResourcesBuildPhase section */
		2036FF081D9460CC00C176FC /* Resources */ = {
			isa = PBXResourcesBuildPhase;
			buildActionMask = 2147483647;
			files = (
				2036FF181D9460CD00C176FC /* LaunchScreen.storyboard in Resources */,
				2036FF151D9460CD00C176FC /* Assets.xcassets in Resources */,
				2036FF131D9460CD00C176FC /* Main.storyboard in Resources */,
			);
			runOnlyForDeploymentPostprocessing = 0;
		};
/* End PBXResourcesBuildPhase section */

/* Begin PBXSourcesBuildPhase section */
		2036FF061D9460CC00C176FC /* Sources */ = {
			isa = PBXSourcesBuildPhase;
			buildActionMask = 2147483647;
			files = (
				2036FF101D9460CD00C176FC /* AuthenticationVC.swift in Sources */,
				2036FF231D9464E200C176FC /* RoundedOutlineView.swift in Sources */,
				2036FF0E1D9460CD00C176FC /* AppDelegate.swift in Sources */,
			);
			runOnlyForDeploymentPostprocessing = 0;
		};
/* End PBXSourcesBuildPhase section */

/* Begin PBXVariantGroup section */
		2036FF111D9460CD00C176FC /* Main.storyboard */ = {
			isa = PBXVariantGroup;
			children = (
				2036FF121D9460CD00C176FC /* Base */,
			);
			name = Main.storyboard;
			sourceTree = "<group>";
		};
		2036FF161D9460CD00C176FC /* LaunchScreen.storyboard */ = {
			isa = PBXVariantGroup;
			children = (
				2036FF171D9460CD00C176FC /* Base */,
			);
			name = LaunchScreen.storyboard;
			sourceTree = "<group>";
		};
/* End PBXVariantGroup section */

/* Begin XCBuildConfiguration section */
		2036FF1A1D9460CE00C176FC /* Debug */ = {
			isa = XCBuildConfiguration;
			buildSettings = {
				ALWAYS_SEARCH_USER_PATHS = NO;
				CLANG_ANALYZER_NONNULL = YES;
				CLANG_CXX_LANGUAGE_STANDARD = "gnu++0x";
				CLANG_CXX_LIBRARY = "libc++";
				CLANG_ENABLE_MODULES = YES;
				CLANG_ENABLE_OBJC_ARC = YES;
				CLANG_WARN_BOOL_CONVERSION = YES;
				CLANG_WARN_CONSTANT_CONVERSION = YES;
				CLANG_WARN_DIRECT_OBJC_ISA_USAGE = YES_ERROR;
				CLANG_WARN_DOCUMENTATION_COMMENTS = YES;
				CLANG_WARN_EMPTY_BODY = YES;
				CLANG_WARN_ENUM_CONVERSION = YES;
				CLANG_WARN_INFINITE_RECURSION = YES;
				CLANG_WARN_INT_CONVERSION = YES;
				CLANG_WARN_OBJC_ROOT_CLASS = YES_ERROR;
				CLANG_WARN_SUSPICIOUS_MOVES = YES;
				CLANG_WARN_UNREACHABLE_CODE = YES;
				CLANG_WARN__DUPLICATE_METHOD_MATCH = YES;
				"CODE_SIGN_IDENTITY[sdk=iphoneos*]" = "iPhone Developer";
				COPY_PHASE_STRIP = NO;
				DEBUG_INFORMATION_FORMAT = dwarf;
				ENABLE_STRICT_OBJC_MSGSEND = YES;
				ENABLE_TESTABILITY = YES;
				GCC_C_LANGUAGE_STANDARD = gnu99;
				GCC_DYNAMIC_NO_PIC = NO;
				GCC_NO_COMMON_BLOCKS = YES;
				GCC_OPTIMIZATION_LEVEL = 0;
				GCC_PREPROCESSOR_DEFINITIONS = (
					"DEBUG=1",
					"$(inherited)",
				);
				GCC_WARN_64_TO_32_BIT_CONVERSION = YES;
				GCC_WARN_ABOUT_RETURN_TYPE = YES_ERROR;
				GCC_WARN_UNDECLARED_SELECTOR = YES;
				GCC_WARN_UNINITIALIZED_AUTOS = YES_AGGRESSIVE;
				GCC_WARN_UNUSED_FUNCTION = YES;
				GCC_WARN_UNUSED_VARIABLE = YES;
				IPHONEOS_DEPLOYMENT_TARGET = 10.0;
				MTL_ENABLE_DEBUG_INFO = YES;
				ONLY_ACTIVE_ARCH = YES;
				SDKROOT = iphoneos;
				SWIFT_ACTIVE_COMPILATION_CONDITIONS = DEBUG;
				SWIFT_OPTIMIZATION_LEVEL = "-Onone";
				TARGETED_DEVICE_FAMILY = "1,2";
			};
			name = Debug;
		};
		2036FF1B1D9460CE00C176FC /* Release */ = {
			isa = XCBuildConfiguration;
			buildSettings = {
				ALWAYS_SEARCH_USER_PATHS = NO;
				CLANG_ANALYZER_NONNULL = YES;
				CLANG_CXX_LANGUAGE_STANDARD = "gnu++0x";
				CLANG_CXX_LIBRARY = "libc++";
				CLANG_ENABLE_MODULES = YES;
				CLANG_ENABLE_OBJC_ARC = YES;
				CLANG_WARN_BOOL_CONVERSION = YES;
				CLANG_WARN_CONSTANT_CONVERSION = YES;
				CLANG_WARN_DIRECT_OBJC_ISA_USAGE = YES_ERROR;
				CLANG_WARN_DOCUMENTATION_COMMENTS = YES;
				CLANG_WARN_EMPTY_BODY = YES;
				CLANG_WARN_ENUM_CONVERSION = YES;
				CLANG_WARN_INFINITE_RECURSION = YES;
				CLANG_WARN_INT_CONVERSION = YES;
				CLANG_WARN_OBJC_ROOT_CLASS = YES_ERROR;
				CLANG_WARN_SUSPICIOUS_MOVES = YES;
				CLANG_WARN_UNREACHABLE_CODE = YES;
				CLANG_WARN__DUPLICATE_METHOD_MATCH = YES;
				"CODE_SIGN_IDENTITY[sdk=iphoneos*]" = "iPhone Developer";
				COPY_PHASE_STRIP = NO;
				DEBUG_INFORMATION_FORMAT = "dwarf-with-dsym";
				ENABLE_NS_ASSERTIONS = NO;
				ENABLE_STRICT_OBJC_MSGSEND = YES;
				GCC_C_LANGUAGE_STANDARD = gnu99;
				GCC_NO_COMMON_BLOCKS = YES;
				GCC_WARN_64_TO_32_BIT_CONVERSION = YES;
				GCC_WARN_ABOUT_RETURN_TYPE = YES_ERROR;
				GCC_WARN_UNDECLARED_SELECTOR = YES;
				GCC_WARN_UNINITIALIZED_AUTOS = YES_AGGRESSIVE;
				GCC_WARN_UNUSED_FUNCTION = YES;
				GCC_WARN_UNUSED_VARIABLE = YES;
				IPHONEOS_DEPLOYMENT_TARGET = 10.0;
				MTL_ENABLE_DEBUG_INFO = NO;
				SDKROOT = iphoneos;
				SWIFT_OPTIMIZATION_LEVEL = "-Owholemodule";
				TARGETED_DEVICE_FAMILY = "1,2";
				VALIDATE_PRODUCT = YES;
			};
			name = Release;
		};
		2036FF1D1D9460CE00C176FC /* Debug */ = {
			isa = XCBuildConfiguration;
			buildSettings = {
				ASSETCATALOG_COMPILER_APPICON_NAME = AppIcon;
				DEVELOPMENT_TEAM = XC48HTB69A;
				INFOPLIST_FILE = Touchy/Info.plist;
				LD_RUNPATH_SEARCH_PATHS = "$(inherited) @executable_path/Frameworks";
				PRODUCT_BUNDLE_IDENTIFIER = com.rickeyHrabowskie.Touchy;
				PRODUCT_NAME = "$(TARGET_NAME)";
				SWIFT_VERSION = 3.0;
			};
			name = Debug;
		};
		2036FF1E1D9460CE00C176FC /* Release */ = {
			isa = XCBuildConfiguration;
			buildSettings = {
				ASSETCATALOG_COMPILER_APPICON_NAME = AppIcon;
				DEVELOPMENT_TEAM = XC48HTB69A;
				INFOPLIST_FILE = Touchy/Info.plist;
				LD_RUNPATH_SEARCH_PATHS = "$(inherited) @executable_path/Frameworks";
				PRODUCT_BUNDLE_IDENTIFIER = com.rickeyHrabowskie.Touchy;
				PRODUCT_NAME = "$(TARGET_NAME)";
				SWIFT_VERSION = 3.0;
			};
			name = Release;
		};
/* End XCBuildConfiguration section */

/* Begin XCConfigurationList section */
		2036FF051D9460CC00C176FC /* Build configuration list for PBXProject "Touchy" */ = {
			isa = XCConfigurationList;
			buildConfigurations = (
				2036FF1A1D9460CE00C176FC /* Debug */,
				2036FF1B1D9460CE00C176FC /* Release */,
			);
			defaultConfigurationIsVisible = 0;
			defaultConfigurationName = Release;
		};
		2036FF1C1D9460CE00C176FC /* Build configuration list for PBXNativeTarget "Touchy" */ = {
			isa = XCConfigurationList;
			buildConfigurations = (
				2036FF1D1D9460CE00C176FC /* Debug */,
				2036FF1E1D9460CE00C176FC /* Release */,
			);
			defaultConfigurationIsVisible = 0;
			defaultConfigurationName = Release;
		};
/* End XCConfigurationList section */
	};
	rootObject = 2036FF021D9460CC00C176FC /* Project object */;
}
